// !$*UTF8*$!
{
	archiveVersion = 1;
	classes = {
	};
	objectVersion = 51;
	objects = {

/* Begin PBXBuildFile section */
		3D296E6A2546A27000622DE5 /* CameraViewController.swift in Sources */ = {isa = PBXBuildFile; fileRef = 3D296E692546A27000622DE5 /* CameraViewController.swift */; };
		3D83A4C52547EE7700D0AC00 /* PostCell.swift in Sources */ = {isa = PBXBuildFile; fileRef = 3D83A4C42547EE7700D0AC00 /* PostCell.swift */; };
		9828D03D308283BD7686E973 /* Pods_Parstagram.framework in Frameworks */ = {isa = PBXBuildFile; fileRef = F454C2B3126097D807E55051 /* Pods_Parstagram.framework */; };
		B201442D25468F5900CBB97F /* AppDelegate.swift in Sources */ = {isa = PBXBuildFile; fileRef = B201442C25468F5900CBB97F /* AppDelegate.swift */; };
		B201442F25468F5900CBB97F /* SceneDelegate.swift in Sources */ = {isa = PBXBuildFile; fileRef = B201442E25468F5900CBB97F /* SceneDelegate.swift */; };
		B201443125468F5900CBB97F /* ViewController.swift in Sources */ = {isa = PBXBuildFile; fileRef = B201443025468F5900CBB97F /* ViewController.swift */; };
		B201443425468F5900CBB97F /* Main.storyboard in Resources */ = {isa = PBXBuildFile; fileRef = B201443225468F5900CBB97F /* Main.storyboard */; };
		B201443625468F5B00CBB97F /* Assets.xcassets in Resources */ = {isa = PBXBuildFile; fileRef = B201443525468F5B00CBB97F /* Assets.xcassets */; };
		B201443925468F5B00CBB97F /* LaunchScreen.storyboard in Resources */ = {isa = PBXBuildFile; fileRef = B201443725468F5B00CBB97F /* LaunchScreen.storyboard */; };
		B201444425468F5B00CBB97F /* ParstagramTests.swift in Sources */ = {isa = PBXBuildFile; fileRef = B201444325468F5B00CBB97F /* ParstagramTests.swift */; };
		B201444F25468F5B00CBB97F /* ParstagramUITests.swift in Sources */ = {isa = PBXBuildFile; fileRef = B201444E25468F5B00CBB97F /* ParstagramUITests.swift */; };
		B201446025468F8600CBB97F /* LoginViewController.swift in Sources */ = {isa = PBXBuildFile; fileRef = B201445F25468F8600CBB97F /* LoginViewController.swift */; };
		B201446525468F9800CBB97F /* FeedViewController.swift in Sources */ = {isa = PBXBuildFile; fileRef = B201446425468F9800CBB97F /* FeedViewController.swift */; };
/* End PBXBuildFile section */

/* Begin PBXContainerItemProxy section */
		B201444025468F5B00CBB97F /* PBXContainerItemProxy */ = {
			isa = PBXContainerItemProxy;
			containerPortal = B201442125468F5900CBB97F /* Project object */;
			proxyType = 1;
			remoteGlobalIDString = B201442825468F5900CBB97F;
			remoteInfo = Parstagram;
		};
		B201444B25468F5B00CBB97F /* PBXContainerItemProxy */ = {
			isa = PBXContainerItemProxy;
			containerPortal = B201442125468F5900CBB97F /* Project object */;
			proxyType = 1;
			remoteGlobalIDString = B201442825468F5900CBB97F;
			remoteInfo = Parstagram;
		};
/* End PBXContainerItemProxy section */

/* Begin PBXFileReference section */
		2E0EF2B86D723CBC376A6537 /* Pods-Parstagram.debug.xcconfig */ = {isa = PBXFileReference; includeInIndex = 1; lastKnownFileType = text.xcconfig; name = "Pods-Parstagram.debug.xcconfig"; path = "Target Support Files/Pods-Parstagram/Pods-Parstagram.debug.xcconfig"; sourceTree = "<group>"; };
		3D296E692546A27000622DE5 /* CameraViewController.swift */ = {isa = PBXFileReference; lastKnownFileType = sourcecode.swift; path = CameraViewController.swift; sourceTree = "<group>"; };
		3D83A4C42547EE7700D0AC00 /* PostCell.swift */ = {isa = PBXFileReference; lastKnownFileType = sourcecode.swift; path = PostCell.swift; sourceTree = "<group>"; };
		B201442925468F5900CBB97F /* Parstagram.app */ = {isa = PBXFileReference; explicitFileType = wrapper.application; includeInIndex = 0; path = Parstagram.app; sourceTree = BUILT_PRODUCTS_DIR; };
		B201442C25468F5900CBB97F /* AppDelegate.swift */ = {isa = PBXFileReference; lastKnownFileType = sourcecode.swift; path = AppDelegate.swift; sourceTree = "<group>"; };
		B201442E25468F5900CBB97F /* SceneDelegate.swift */ = {isa = PBXFileReference; lastKnownFileType = sourcecode.swift; path = SceneDelegate.swift; sourceTree = "<group>"; };
		B201443025468F5900CBB97F /* ViewController.swift */ = {isa = PBXFileReference; lastKnownFileType = sourcecode.swift; path = ViewController.swift; sourceTree = "<group>"; };
		B201443325468F5900CBB97F /* Base */ = {isa = PBXFileReference; lastKnownFileType = file.storyboard; name = Base; path = Base.lproj/Main.storyboard; sourceTree = "<group>"; };
		B201443525468F5B00CBB97F /* Assets.xcassets */ = {isa = PBXFileReference; lastKnownFileType = folder.assetcatalog; path = Assets.xcassets; sourceTree = "<group>"; };
		B201443825468F5B00CBB97F /* Base */ = {isa = PBXFileReference; lastKnownFileType = file.storyboard; name = Base; path = Base.lproj/LaunchScreen.storyboard; sourceTree = "<group>"; };
		B201443A25468F5B00CBB97F /* Info.plist */ = {isa = PBXFileReference; lastKnownFileType = text.plist.xml; path = Info.plist; sourceTree = "<group>"; };
		B201443F25468F5B00CBB97F /* ParstagramTests.xctest */ = {isa = PBXFileReference; explicitFileType = wrapper.cfbundle; includeInIndex = 0; path = ParstagramTests.xctest; sourceTree = BUILT_PRODUCTS_DIR; };
		B201444325468F5B00CBB97F /* ParstagramTests.swift */ = {isa = PBXFileReference; lastKnownFileType = sourcecode.swift; path = ParstagramTests.swift; sourceTree = "<group>"; };
		B201444525468F5B00CBB97F /* Info.plist */ = {isa = PBXFileReference; lastKnownFileType = text.plist.xml; path = Info.plist; sourceTree = "<group>"; };
		B201444A25468F5B00CBB97F /* ParstagramUITests.xctest */ = {isa = PBXFileReference; explicitFileType = wrapper.cfbundle; includeInIndex = 0; path = ParstagramUITests.xctest; sourceTree = BUILT_PRODUCTS_DIR; };
		B201444E25468F5B00CBB97F /* ParstagramUITests.swift */ = {isa = PBXFileReference; lastKnownFileType = sourcecode.swift; path = ParstagramUITests.swift; sourceTree = "<group>"; };
		B201445025468F5B00CBB97F /* Info.plist */ = {isa = PBXFileReference; lastKnownFileType = text.plist.xml; path = Info.plist; sourceTree = "<group>"; };
		B201445F25468F8600CBB97F /* LoginViewController.swift */ = {isa = PBXFileReference; lastKnownFileType = sourcecode.swift; path = LoginViewController.swift; sourceTree = "<group>"; };
		B201446425468F9800CBB97F /* FeedViewController.swift */ = {isa = PBXFileReference; lastKnownFileType = sourcecode.swift; path = FeedViewController.swift; sourceTree = "<group>"; };
		E07F734EE0E23D851119A568 /* Pods-Parstagram.release.xcconfig */ = {isa = PBXFileReference; includeInIndex = 1; lastKnownFileType = text.xcconfig; name = "Pods-Parstagram.release.xcconfig"; path = "Target Support Files/Pods-Parstagram/Pods-Parstagram.release.xcconfig"; sourceTree = "<group>"; };
		F454C2B3126097D807E55051 /* Pods_Parstagram.framework */ = {isa = PBXFileReference; explicitFileType = wrapper.framework; includeInIndex = 0; path = Pods_Parstagram.framework; sourceTree = BUILT_PRODUCTS_DIR; };
/* End PBXFileReference section */

/* Begin PBXFrameworksBuildPhase section */
		B201442625468F5900CBB97F /* Frameworks */ = {
			isa = PBXFrameworksBuildPhase;
			buildActionMask = 2147483647;
			files = (
				9828D03D308283BD7686E973 /* Pods_Parstagram.framework in Frameworks */,
			);
			runOnlyForDeploymentPostprocessing = 0;
		};
		B201443C25468F5B00CBB97F /* Frameworks */ = {
			isa = PBXFrameworksBuildPhase;
			buildActionMask = 2147483647;
			files = (
			);
			runOnlyForDeploymentPostprocessing = 0;
		};
		B201444725468F5B00CBB97F /* Frameworks */ = {
			isa = PBXFrameworksBuildPhase;
			buildActionMask = 2147483647;
			files = (
			);
			runOnlyForDeploymentPostprocessing = 0;
		};
/* End PBXFrameworksBuildPhase section */

/* Begin PBXGroup section */
		9BB9122561A6A5B7EDB23B50 /* Frameworks */ = {
			isa = PBXGroup;
			children = (
				F454C2B3126097D807E55051 /* Pods_Parstagram.framework */,
			);
			name = Frameworks;
			sourceTree = "<group>";
		};
		B201442025468F5900CBB97F = {
			isa = PBXGroup;
			children = (
				B201442B25468F5900CBB97F /* Parstagram */,
				B201444225468F5B00CBB97F /* ParstagramTests */,
				B201444D25468F5B00CBB97F /* ParstagramUITests */,
				B201442A25468F5900CBB97F /* Products */,
				DD6823203D0CD7A3BB8B5CC2 /* Pods */,
				9BB9122561A6A5B7EDB23B50 /* Frameworks */,
			);
			sourceTree = "<group>";
		};
		B201442A25468F5900CBB97F /* Products */ = {
			isa = PBXGroup;
			children = (
				B201442925468F5900CBB97F /* Parstagram.app */,
				B201443F25468F5B00CBB97F /* ParstagramTests.xctest */,
				B201444A25468F5B00CBB97F /* ParstagramUITests.xctest */,
			);
			name = Products;
			sourceTree = "<group>";
		};
		B201442B25468F5900CBB97F /* Parstagram */ = {
			isa = PBXGroup;
			children = (
				B201442C25468F5900CBB97F /* AppDelegate.swift */,
				B201442E25468F5900CBB97F /* SceneDelegate.swift */,
				B201443025468F5900CBB97F /* ViewController.swift */,
				B201443225468F5900CBB97F /* Main.storyboard */,
				B201443525468F5B00CBB97F /* Assets.xcassets */,
				B201443725468F5B00CBB97F /* LaunchScreen.storyboard */,
				B201443A25468F5B00CBB97F /* Info.plist */,
				B201445F25468F8600CBB97F /* LoginViewController.swift */,
				B201446425468F9800CBB97F /* FeedViewController.swift */,
				3D296E692546A27000622DE5 /* CameraViewController.swift */,
				3D83A4C42547EE7700D0AC00 /* PostCell.swift */,
			);
			path = Parstagram;
			sourceTree = "<group>";
		};
		B201444225468F5B00CBB97F /* ParstagramTests */ = {
			isa = PBXGroup;
			children = (
				B201444325468F5B00CBB97F /* ParstagramTests.swift */,
				B201444525468F5B00CBB97F /* Info.plist */,
			);
			path = ParstagramTests;
			sourceTree = "<group>";
		};
		B201444D25468F5B00CBB97F /* ParstagramUITests */ = {
			isa = PBXGroup;
			children = (
				B201444E25468F5B00CBB97F /* ParstagramUITests.swift */,
				B201445025468F5B00CBB97F /* Info.plist */,
			);
			path = ParstagramUITests;
			sourceTree = "<group>";
		};
		DD6823203D0CD7A3BB8B5CC2 /* Pods */ = {
			isa = PBXGroup;
			children = (
				2E0EF2B86D723CBC376A6537 /* Pods-Parstagram.debug.xcconfig */,
				E07F734EE0E23D851119A568 /* Pods-Parstagram.release.xcconfig */,
			);
			path = Pods;
			sourceTree = "<group>";
		};
/* End PBXGroup section */

/* Begin PBXNativeTarget section */
		B201442825468F5900CBB97F /* Parstagram */ = {
			isa = PBXNativeTarget;
			buildConfigurationList = B201445325468F5B00CBB97F /* Build configuration list for PBXNativeTarget "Parstagram" */;
			buildPhases = (
				0CE4827775960B42E7E88374 /* [CP] Check Pods Manifest.lock */,
				B201442525468F5900CBB97F /* Sources */,
				B201442625468F5900CBB97F /* Frameworks */,
				B201442725468F5900CBB97F /* Resources */,
				E45BF1B6C782324FA8AD2BCB /* [CP] Embed Pods Frameworks */,
			);
			buildRules = (
			);
			dependencies = (
			);
			name = Parstagram;
			productName = Parstagram;
			productReference = B201442925468F5900CBB97F /* Parstagram.app */;
			productType = "com.apple.product-type.application";
		};
		B201443E25468F5B00CBB97F /* ParstagramTests */ = {
			isa = PBXNativeTarget;
			buildConfigurationList = B201445625468F5B00CBB97F /* Build configuration list for PBXNativeTarget "ParstagramTests" */;
			buildPhases = (
				B201443B25468F5B00CBB97F /* Sources */,
				B201443C25468F5B00CBB97F /* Frameworks */,
				B201443D25468F5B00CBB97F /* Resources */,
			);
			buildRules = (
			);
			dependencies = (
				B201444125468F5B00CBB97F /* PBXTargetDependency */,
			);
			name = ParstagramTests;
			productName = ParstagramTests;
			productReference = B201443F25468F5B00CBB97F /* ParstagramTests.xctest */;
			productType = "com.apple.product-type.bundle.unit-test";
		};
		B201444925468F5B00CBB97F /* ParstagramUITests */ = {
			isa = PBXNativeTarget;
			buildConfigurationList = B201445925468F5B00CBB97F /* Build configuration list for PBXNativeTarget "ParstagramUITests" */;
			buildPhases = (
				B201444625468F5B00CBB97F /* Sources */,
				B201444725468F5B00CBB97F /* Frameworks */,
				B201444825468F5B00CBB97F /* Resources */,
			);
			buildRules = (
			);
			dependencies = (
				B201444C25468F5B00CBB97F /* PBXTargetDependency */,
			);
			name = ParstagramUITests;
			productName = ParstagramUITests;
			productReference = B201444A25468F5B00CBB97F /* ParstagramUITests.xctest */;
			productType = "com.apple.product-type.bundle.ui-testing";
		};
/* End PBXNativeTarget section */

/* Begin PBXProject section */
		B201442125468F5900CBB97F /* Project object */ = {
			isa = PBXProject;
			attributes = {
				LastSwiftUpdateCheck = 1210;
				LastUpgradeCheck = 1210;
				TargetAttributes = {
					B201442825468F5900CBB97F = {
						CreatedOnToolsVersion = 12.1;
					};
					B201443E25468F5B00CBB97F = {
						CreatedOnToolsVersion = 12.1;
						TestTargetID = B201442825468F5900CBB97F;
					};
					B201444925468F5B00CBB97F = {
						CreatedOnToolsVersion = 12.1;
						TestTargetID = B201442825468F5900CBB97F;
					};
				};
			};
			buildConfigurationList = B201442425468F5900CBB97F /* Build configuration list for PBXProject "Parstagram" */;
			compatibilityVersion = "Xcode 9.3";
			developmentRegion = en;
			hasScannedForEncodings = 0;
			knownRegions = (
				en,
				Base,
			);
			mainGroup = B201442025468F5900CBB97F;
			productRefGroup = B201442A25468F5900CBB97F /* Products */;
			projectDirPath = "";
			projectRoot = "";
			targets = (
				B201442825468F5900CBB97F /* Parstagram */,
				B201443E25468F5B00CBB97F /* ParstagramTests */,
				B201444925468F5B00CBB97F /* ParstagramUITests */,
			);
		};
/* End PBXProject section */

/* Begin PBXResourcesBuildPhase section */
		B201442725468F5900CBB97F /* Resources */ = {
			isa = PBXResourcesBuildPhase;
			buildActionMask = 2147483647;
			files = (
				B201443925468F5B00CBB97F /* LaunchScreen.storyboard in Resources */,
				B201443625468F5B00CBB97F /* Assets.xcassets in Resources */,
				B201443425468F5900CBB97F /* Main.storyboard in Resources */,
			);
			runOnlyForDeploymentPostprocessing = 0;
		};
		B201443D25468F5B00CBB97F /* Resources */ = {
			isa = PBXResourcesBuildPhase;
			buildActionMask = 2147483647;
			files = (
			);
			runOnlyForDeploymentPostprocessing = 0;
		};
		B201444825468F5B00CBB97F /* Resources */ = {
			isa = PBXResourcesBuildPhase;
			buildActionMask = 2147483647;
			files = (
			);
			runOnlyForDeploymentPostprocessing = 0;
		};
/* End PBXResourcesBuildPhase section */

/* Begin PBXShellScriptBuildPhase section */
		0CE4827775960B42E7E88374 /* [CP] Check Pods Manifest.lock */ = {
			isa = PBXShellScriptBuildPhase;
			buildActionMask = 2147483647;
			files = (
			);
			inputFileListPaths = (
			);
			inputPaths = (
				"${PODS_PODFILE_DIR_PATH}/Podfile.lock",
				"${PODS_ROOT}/Manifest.lock",
			);
			name = "[CP] Check Pods Manifest.lock";
			outputFileListPaths = (
			);
			outputPaths = (
				"$(DERIVED_FILE_DIR)/Pods-Parstagram-checkManifestLockResult.txt",
			);
			runOnlyForDeploymentPostprocessing = 0;
			shellPath = /bin/sh;
			shellScript = "diff \"${PODS_PODFILE_DIR_PATH}/Podfile.lock\" \"${PODS_ROOT}/Manifest.lock\" > /dev/null\nif [ $? != 0 ] ; then\n    # print error to STDERR\n    echo \"error: The sandbox is not in sync with the Podfile.lock. Run 'pod install' or update your CocoaPods installation.\" >&2\n    exit 1\nfi\n# This output is used by Xcode 'outputs' to avoid re-running this script phase.\necho \"SUCCESS\" > \"${SCRIPT_OUTPUT_FILE_0}\"\n";
			showEnvVarsInLog = 0;
		};
		E45BF1B6C782324FA8AD2BCB /* [CP] Embed Pods Frameworks */ = {
			isa = PBXShellScriptBuildPhase;
			buildActionMask = 2147483647;
			files = (
			);
			inputFileListPaths = (
				"${PODS_ROOT}/Target Support Files/Pods-Parstagram/Pods-Parstagram-frameworks-${CONFIGURATION}-input-files.xcfilelist",
			);
			name = "[CP] Embed Pods Frameworks";
			outputFileListPaths = (
				"${PODS_ROOT}/Target Support Files/Pods-Parstagram/Pods-Parstagram-frameworks-${CONFIGURATION}-output-files.xcfilelist",
			);
			runOnlyForDeploymentPostprocessing = 0;
			shellPath = /bin/sh;
			shellScript = "\"${PODS_ROOT}/Target Support Files/Pods-Parstagram/Pods-Parstagram-frameworks.sh\"\n";
			showEnvVarsInLog = 0;
		};
/* End PBXShellScriptBuildPhase section */

/* Begin PBXSourcesBuildPhase section */
		B201442525468F5900CBB97F /* Sources */ = {
			isa = PBXSourcesBuildPhase;
			buildActionMask = 2147483647;
			files = (
				3D83A4C52547EE7700D0AC00 /* PostCell.swift in Sources */,
				B201446025468F8600CBB97F /* LoginViewController.swift in Sources */,
				B201443125468F5900CBB97F /* ViewController.swift in Sources */,
				B201446525468F9800CBB97F /* FeedViewController.swift in Sources */,
				B201442D25468F5900CBB97F /* AppDelegate.swift in Sources */,
				B201442F25468F5900CBB97F /* SceneDelegate.swift in Sources */,
				3D296E6A2546A27000622DE5 /* CameraViewController.swift in Sources */,
			);
			runOnlyForDeploymentPostprocessing = 0;
		};
		B201443B25468F5B00CBB97F /* Sources */ = {
			isa = PBXSourcesBuildPhase;
			buildActionMask = 2147483647;
			files = (
				B201444425468F5B00CBB97F /* ParstagramTests.swift in Sources */,
			);
			runOnlyForDeploymentPostprocessing = 0;
		};
		B201444625468F5B00CBB97F /* Sources */ = {
			isa = PBXSourcesBuildPhase;
			buildActionMask = 2147483647;
			files = (
				B201444F25468F5B00CBB97F /* ParstagramUITests.swift in Sources */,
			);
			runOnlyForDeploymentPostprocessing = 0;
		};
/* End PBXSourcesBuildPhase section */

/* Begin PBXTargetDependency section */
		B201444125468F5B00CBB97F /* PBXTargetDependency */ = {
			isa = PBXTargetDependency;
			target = B201442825468F5900CBB97F /* Parstagram */;
			targetProxy = B201444025468F5B00CBB97F /* PBXContainerItemProxy */;
		};
		B201444C25468F5B00CBB97F /* PBXTargetDependency */ = {
			isa = PBXTargetDependency;
			target = B201442825468F5900CBB97F /* Parstagram */;
			targetProxy = B201444B25468F5B00CBB97F /* PBXContainerItemProxy */;
		};
/* End PBXTargetDependency section */

/* Begin PBXVariantGroup section */
		B201443225468F5900CBB97F /* Main.storyboard */ = {
			isa = PBXVariantGroup;
			children = (
				B201443325468F5900CBB97F /* Base */,
			);
			name = Main.storyboard;
			sourceTree = "<group>";
		};
		B201443725468F5B00CBB97F /* LaunchScreen.storyboard */ = {
			isa = PBXVariantGroup;
			children = (
				B201443825468F5B00CBB97F /* Base */,
			);
			name = LaunchScreen.storyboard;
			sourceTree = "<group>";
		};
/* End PBXVariantGroup section */

/* Begin XCBuildConfiguration section */
		B201445125468F5B00CBB97F /* Debug */ = {
			isa = XCBuildConfiguration;
			buildSettings = {
				ALWAYS_SEARCH_USER_PATHS = NO;
				CLANG_ANALYZER_NONNULL = YES;
				CLANG_ANALYZER_NUMBER_OBJECT_CONVERSION = YES_AGGRESSIVE;
				CLANG_CXX_LANGUAGE_STANDARD = "gnu++14";
				CLANG_CXX_LIBRARY = "libc++";
				CLANG_ENABLE_MODULES = YES;
				CLANG_ENABLE_OBJC_ARC = YES;
				CLANG_ENABLE_OBJC_WEAK = YES;
				CLANG_WARN_BLOCK_CAPTURE_AUTORELEASING = YES;
				CLANG_WARN_BOOL_CONVERSION = YES;
				CLANG_WARN_COMMA = YES;
				CLANG_WARN_CONSTANT_CONVERSION = YES;
				CLANG_WARN_DEPRECATED_OBJC_IMPLEMENTATIONS = YES;
				CLANG_WARN_DIRECT_OBJC_ISA_USAGE = YES_ERROR;
				CLANG_WARN_DOCUMENTATION_COMMENTS = YES;
				CLANG_WARN_EMPTY_BODY = YES;
				CLANG_WARN_ENUM_CONVERSION = YES;
				CLANG_WARN_INFINITE_RECURSION = YES;
				CLANG_WARN_INT_CONVERSION = YES;
				CLANG_WARN_NON_LITERAL_NULL_CONVERSION = YES;
				CLANG_WARN_OBJC_IMPLICIT_RETAIN_SELF = YES;
				CLANG_WARN_OBJC_LITERAL_CONVERSION = YES;
				CLANG_WARN_OBJC_ROOT_CLASS = YES_ERROR;
				CLANG_WARN_QUOTED_INCLUDE_IN_FRAMEWORK_HEADER = YES;
				CLANG_WARN_RANGE_LOOP_ANALYSIS = YES;
				CLANG_WARN_STRICT_PROTOTYPES = YES;
				CLANG_WARN_SUSPICIOUS_MOVE = YES;
				CLANG_WARN_UNGUARDED_AVAILABILITY = YES_AGGRESSIVE;
				CLANG_WARN_UNREACHABLE_CODE = YES;
				CLANG_WARN__DUPLICATE_METHOD_MATCH = YES;
				COPY_PHASE_STRIP = NO;
				DEBUG_INFORMATION_FORMAT = dwarf;
				ENABLE_STRICT_OBJC_MSGSEND = YES;
				ENABLE_TESTABILITY = YES;
				GCC_C_LANGUAGE_STANDARD = gnu11;
				GCC_DYNAMIC_NO_PIC = NO;
				GCC_NO_COMMON_BLOCKS = YES;
				GCC_OPTIMIZATION_LEVEL = 0;
				GCC_PREPROCESSOR_DEFINITIONS = (
					"DEBUG=1",
					"$(inherited)",
				);
				GCC_WARN_64_TO_32_BIT_CONVERSION = YES;
				GCC_WARN_ABOUT_RETURN_TYPE = YES_ERROR;
				GCC_WARN_UNDECLARED_SELECTOR = YES;
				GCC_WARN_UNINITIALIZED_AUTOS = YES_AGGRESSIVE;
				GCC_WARN_UNUSED_FUNCTION = YES;
				GCC_WARN_UNUSED_VARIABLE = YES;
				IPHONEOS_DEPLOYMENT_TARGET = 14.1;
				MTL_ENABLE_DEBUG_INFO = INCLUDE_SOURCE;
				MTL_FAST_MATH = YES;
				ONLY_ACTIVE_ARCH = YES;
				SDKROOT = iphoneos;
				SWIFT_ACTIVE_COMPILATION_CONDITIONS = DEBUG;
				SWIFT_OPTIMIZATION_LEVEL = "-Onone";
			};
			name = Debug;
		};
		B201445225468F5B00CBB97F /* Release */ = {
			isa = XCBuildConfiguration;
			buildSettings = {
				ALWAYS_SEARCH_USER_PATHS = NO;
				CLANG_ANALYZER_NONNULL = YES;
				CLANG_ANALYZER_NUMBER_OBJECT_CONVERSION = YES_AGGRESSIVE;
				CLANG_CXX_LANGUAGE_STANDARD = "gnu++14";
				CLANG_CXX_LIBRARY = "libc++";
				CLANG_ENABLE_MODULES = YES;
				CLANG_ENABLE_OBJC_ARC = YES;
				CLANG_ENABLE_OBJC_WEAK = YES;
				CLANG_WARN_BLOCK_CAPTURE_AUTORELEASING = YES;
				CLANG_WARN_BOOL_CONVERSION = YES;
				CLANG_WARN_COMMA = YES;
				CLANG_WARN_CONSTANT_CONVERSION = YES;
				CLANG_WARN_DEPRECATED_OBJC_IMPLEMENTATIONS = YES;
				CLANG_WARN_DIRECT_OBJC_ISA_USAGE = YES_ERROR;
				CLANG_WARN_DOCUMENTATION_COMMENTS = YES;
				CLANG_WARN_EMPTY_BODY = YES;
				CLANG_WARN_ENUM_CONVERSION = YES;
				CLANG_WARN_INFINITE_RECURSION = YES;
				CLANG_WARN_INT_CONVERSION = YES;
				CLANG_WARN_NON_LITERAL_NULL_CONVERSION = YES;
				CLANG_WARN_OBJC_IMPLICIT_RETAIN_SELF = YES;
				CLANG_WARN_OBJC_LITERAL_CONVERSION = YES;
				CLANG_WARN_OBJC_ROOT_CLASS = YES_ERROR;
				CLANG_WARN_QUOTED_INCLUDE_IN_FRAMEWORK_HEADER = YES;
				CLANG_WARN_RANGE_LOOP_ANALYSIS = YES;
				CLANG_WARN_STRICT_PROTOTYPES = YES;
				CLANG_WARN_SUSPICIOUS_MOVE = YES;
				CLANG_WARN_UNGUARDED_AVAILABILITY = YES_AGGRESSIVE;
				CLANG_WARN_UNREACHABLE_CODE = YES;
				CLANG_WARN__DUPLICATE_METHOD_MATCH = YES;
				COPY_PHASE_STRIP = NO;
				DEBUG_INFORMATION_FORMAT = "dwarf-with-dsym";
				ENABLE_NS_ASSERTIONS = NO;
				ENABLE_STRICT_OBJC_MSGSEND = YES;
				GCC_C_LANGUAGE_STANDARD = gnu11;
				GCC_NO_COMMON_BLOCKS = YES;
				GCC_WARN_64_TO_32_BIT_CONVERSION = YES;
				GCC_WARN_ABOUT_RETURN_TYPE = YES_ERROR;
				GCC_WARN_UNDECLARED_SELECTOR = YES;
				GCC_WARN_UNINITIALIZED_AUTOS = YES_AGGRESSIVE;
				GCC_WARN_UNUSED_FUNCTION = YES;
				GCC_WARN_UNUSED_VARIABLE = YES;
				IPHONEOS_DEPLOYMENT_TARGET = 14.1;
				MTL_ENABLE_DEBUG_INFO = NO;
				MTL_FAST_MATH = YES;
				SDKROOT = iphoneos;
				SWIFT_COMPILATION_MODE = wholemodule;
				SWIFT_OPTIMIZATION_LEVEL = "-O";
				VALIDATE_PRODUCT = YES;
			};
			name = Release;
		};
		B201445425468F5B00CBB97F /* Debug */ = {
			isa = XCBuildConfiguration;
			baseConfigurationReference = 2E0EF2B86D723CBC376A6537 /* Pods-Parstagram.debug.xcconfig */;
			buildSettings = {
				ASSETCATALOG_COMPILER_APPICON_NAME = AppIcon;
				ASSETCATALOG_COMPILER_GLOBAL_ACCENT_COLOR_NAME = AccentColor;
				CODE_SIGN_STYLE = Automatic;
				INFOPLIST_FILE = Parstagram/Info.plist;
				LD_RUNPATH_SEARCH_PATHS = (
					"$(inherited)",
					"@executable_path/Frameworks",
				);
				PRODUCT_BUNDLE_IDENTIFIER = "Kathrina-Waugh.Parstagram";
				PRODUCT_NAME = "$(TARGET_NAME)";
				SWIFT_VERSION = 5.0;
				TARGETED_DEVICE_FAMILY = "1,2";
			};
			name = Debug;
		};
		B201445525468F5B00CBB97F /* Release */ = {
			isa = XCBuildConfiguration;
			baseConfigurationReference = E07F734EE0E23D851119A568 /* Pods-Parstagram.release.xcconfig */;
			buildSettings = {
				ASSETCATALOG_COMPILER_APPICON_NAME = AppIcon;
				ASSETCATALOG_COMPILER_GLOBAL_ACCENT_COLOR_NAME = AccentColor;
				CODE_SIGN_STYLE = Automatic;
				INFOPLIST_FILE = Parstagram/Info.plist;
				LD_RUNPATH_SEARCH_PATHS = (
					"$(inherited)",
					"@executable_path/Frameworks",
				);
				PRODUCT_BUNDLE_IDENTIFIER = "Kathrina-Waugh.Parstagram";
				PRODUCT_NAME = "$(TARGET_NAME)";
				SWIFT_VERSION = 5.0;
				TARGETED_DEVICE_FAMILY = "1,2";
			};
			name = Release;
		};
		B201445725468F5B00CBB97F /* Debug */ = {
			isa = XCBuildConfiguration;
			buildSettings = {
				ALWAYS_EMBED_SWIFT_STANDARD_LIBRARIES = YES;
				BUNDLE_LOADER = "$(TEST_HOST)";
				CODE_SIGN_STYLE = Automatic;
				INFOPLIST_FILE = ParstagramTests/Info.plist;
				IPHONEOS_DEPLOYMENT_TARGET = 14.1;
				LD_RUNPATH_SEARCH_PATHS = (
					"$(inherited)",
					"@executable_path/Frameworks",
					"@loader_path/Frameworks",
				);
				PRODUCT_BUNDLE_IDENTIFIER = "Kathrina-Waugh.ParstagramTests";
				PRODUCT_NAME = "$(TARGET_NAME)";
				SWIFT_VERSION = 5.0;
				TARGETED_DEVICE_FAMILY = "1,2";
				TEST_HOST = "$(BUILT_PRODUCTS_DIR)/Parstagram.app/Parstagram";
			};
			name = Debug;
		};
		B201445825468F5B00CBB97F /* Release */ = {
			isa = XCBuildConfiguration;
			buildSettings = {
				ALWAYS_EMBED_SWIFT_STANDARD_LIBRARIES = YES;
				BUNDLE_LOADER = "$(TEST_HOST)";
				CODE_SIGN_STYLE = Automatic;
				INFOPLIST_FILE = ParstagramTests/Info.plist;
				IPHONEOS_DEPLOYMENT_TARGET = 14.1;
				LD_RUNPATH_SEARCH_PATHS = (
					"$(inherited)",
					"@executable_path/Frameworks",
					"@loader_path/Frameworks",
				);
				PRODUCT_BUNDLE_IDENTIFIER = "Kathrina-Waugh.ParstagramTests";
				PRODUCT_NAME = "$(TARGET_NAME)";
				SWIFT_VERSION = 5.0;
				TARGETED_DEVICE_FAMILY = "1,2";
				TEST_HOST = "$(BUILT_PRODUCTS_DIR)/Parstagram.app/Parstagram";
			};
			name = Release;
		};
		B201445A25468F5B00CBB97F /* Debug */ = {
			isa = XCBuildConfiguration;
			buildSettings = {
				ALWAYS_EMBED_SWIFT_STANDARD_LIBRARIES = YES;
				CODE_SIGN_STYLE = Automatic;
				INFOPLIST_FILE = ParstagramUITests/Info.plist;
				LD_RUNPATH_SEARCH_PATHS = (
					"$(inherited)",
					"@executable_path/Frameworks",
					"@loader_path/Frameworks",
				);
				PRODUCT_BUNDLE_IDENTIFIER = "Kathrina-Waugh.ParstagramUITests";
				PRODUCT_NAME = "$(TARGET_NAME)";
				SWIFT_VERSION = 5.0;
				TARGETED_DEVICE_FAMILY = "1,2";
				TEST_TARGET_NAME = Parstagram;
			};
			name = Debug;
		};
		B201445B25468F5B00CBB97F /* Release */ = {
			isa = XCBuildConfiguration;
			buildSettings = {
				ALWAYS_EMBED_SWIFT_STANDARD_LIBRARIES = YES;
				CODE_SIGN_STYLE = Automatic;
				INFOPLIST_FILE = ParstagramUITests/Info.plist;
				LD_RUNPATH_SEARCH_PATHS = (
					"$(inherited)",
					"@executable_path/Frameworks",
					"@loader_path/Frameworks",
				);
				PRODUCT_BUNDLE_IDENTIFIER = "Kathrina-Waugh.ParstagramUITests";
				PRODUCT_NAME = "$(TARGET_NAME)";
				SWIFT_VERSION = 5.0;
				TARGETED_DEVICE_FAMILY = "1,2";
				TEST_TARGET_NAME = Parstagram;
			};
			name = Release;
		};
/* End XCBuildConfiguration section */

/* Begin XCConfigurationList section */
		B201442425468F5900CBB97F /* Build configuration list for PBXProject "Parstagram" */ = {
			isa = XCConfigurationList;
			buildConfigurations = (
				B201445125468F5B00CBB97F /* Debug */,
				B201445225468F5B00CBB97F /* Release */,
			);
			defaultConfigurationIsVisible = 0;
			defaultConfigurationName = Release;
		};
		B201445325468F5B00CBB97F /* Build configuration list for PBXNativeTarget "Parstagram" */ = {
			isa = XCConfigurationList;
			buildConfigurations = (
				B201445425468F5B00CBB97F /* Debug */,
				B201445525468F5B00CBB97F /* Release */,
			);
			defaultConfigurationIsVisible = 0;
			defaultConfigurationName = Release;
		};
		B201445625468F5B00CBB97F /* Build configuration list for PBXNativeTarget "ParstagramTests" */ = {
			isa = XCConfigurationList;
			buildConfigurations = (
				B201445725468F5B00CBB97F /* Debug */,
				B201445825468F5B00CBB97F /* Release */,
			);
			defaultConfigurationIsVisible = 0;
			defaultConfigurationName = Release;
		};
		B201445925468F5B00CBB97F /* Build configuration list for PBXNativeTarget "ParstagramUITests" */ = {
			isa = XCConfigurationList;
			buildConfigurations = (
				B201445A25468F5B00CBB97F /* Debug */,
				B201445B25468F5B00CBB97F /* Release */,
			);
			defaultConfigurationIsVisible = 0;
			defaultConfigurationName = Release;
		};
/* End XCConfigurationList section */
	};
	rootObject = B201442125468F5900CBB97F /* Project object */;
}
